// !$*UTF8*$!
{
	archiveVersion = 1;
	classes = {
	};
	objectVersion = 50;
	objects = {

/* Begin PBXBuildFile section */
		2333F3F520D1ED26002C6491 /* AppDelegate.swift in Sources */ = {isa = PBXBuildFile; fileRef = 2333F3F420D1ED26002C6491 /* AppDelegate.swift */; };
		2333F3F720D1ED26002C6491 /* ViewController.swift in Sources */ = {isa = PBXBuildFile; fileRef = 2333F3F620D1ED26002C6491 /* ViewController.swift */; };
		2333F3FA20D1ED26002C6491 /* Main.storyboard in Resources */ = {isa = PBXBuildFile; fileRef = 2333F3F820D1ED26002C6491 /* Main.storyboard */; };
		2333F3FC20D1ED2B002C6491 /* Assets.xcassets in Resources */ = {isa = PBXBuildFile; fileRef = 2333F3FB20D1ED2B002C6491 /* Assets.xcassets */; };
		2333F3FF20D1ED2C002C6491 /* LaunchScreen.storyboard in Resources */ = {isa = PBXBuildFile; fileRef = 2333F3FD20D1ED2C002C6491 /* LaunchScreen.storyboard */; };
		238EC57120D60CE3002013AA /* losePopupViewController.swift in Sources */ = {isa = PBXBuildFile; fileRef = 238EC57020D60CE3002013AA /* losePopupViewController.swift */; };
		238EC57320D61C28002013AA /* leaderboardViewController.swift in Sources */ = {isa = PBXBuildFile; fileRef = 238EC57220D61C28002013AA /* leaderboardViewController.swift */; };
		23BD668320D30551001027EB /* GoogleMobileAds.framework in Frameworks */ = {isa = PBXBuildFile; fileRef = 23BD668220D30551001027EB /* GoogleMobileAds.framework */; };
		23BD668520D31645001027EB /* statsViewController.swift in Sources */ = {isa = PBXBuildFile; fileRef = 23BD668420D31645001027EB /* statsViewController.swift */; };
		23BD668720D32F51001027EB /* attributionsViewController.swift in Sources */ = {isa = PBXBuildFile; fileRef = 23BD668620D32F51001027EB /* attributionsViewController.swift */; };
		23BD668A20D3328D001027EB /* cardflip.wav in Resources */ = {isa = PBXBuildFile; fileRef = 23BD668920D3328D001027EB /* cardflip.wav */; };
/* End PBXBuildFile section */

/* Begin PBXFileReference section */
		2333F3F120D1ED26002C6491 /* High Or Low.app */ = {isa = PBXFileReference; explicitFileType = wrapper.application; includeInIndex = 0; path = "High Or Low.app"; sourceTree = BUILT_PRODUCTS_DIR; };
		2333F3F420D1ED26002C6491 /* AppDelegate.swift */ = {isa = PBXFileReference; lastKnownFileType = sourcecode.swift; path = AppDelegate.swift; sourceTree = "<group>"; };
		2333F3F620D1ED26002C6491 /* ViewController.swift */ = {isa = PBXFileReference; lastKnownFileType = sourcecode.swift; path = ViewController.swift; sourceTree = "<group>"; };
		2333F3F920D1ED26002C6491 /* Base */ = {isa = PBXFileReference; lastKnownFileType = file.storyboard; name = Base; path = Base.lproj/Main.storyboard; sourceTree = "<group>"; };
		2333F3FB20D1ED2B002C6491 /* Assets.xcassets */ = {isa = PBXFileReference; lastKnownFileType = folder.assetcatalog; path = Assets.xcassets; sourceTree = "<group>"; };
		2333F3FE20D1ED2C002C6491 /* Base */ = {isa = PBXFileReference; lastKnownFileType = file.storyboard; name = Base; path = Base.lproj/LaunchScreen.storyboard; sourceTree = "<group>"; };
		2333F40020D1ED2C002C6491 /* Info.plist */ = {isa = PBXFileReference; lastKnownFileType = text.plist.xml; path = Info.plist; sourceTree = "<group>"; };
		238EC57020D60CE3002013AA /* losePopupViewController.swift */ = {isa = PBXFileReference; lastKnownFileType = sourcecode.swift; path = losePopupViewController.swift; sourceTree = "<group>"; };
		238EC57220D61C28002013AA /* leaderboardViewController.swift */ = {isa = PBXFileReference; lastKnownFileType = sourcecode.swift; path = leaderboardViewController.swift; sourceTree = "<group>"; };
		23BD668220D30551001027EB /* GoogleMobileAds.framework */ = {isa = PBXFileReference; lastKnownFileType = wrapper.framework; path = GoogleMobileAds.framework; sourceTree = "<group>"; };
		23BD668420D31645001027EB /* statsViewController.swift */ = {isa = PBXFileReference; lastKnownFileType = sourcecode.swift; path = statsViewController.swift; sourceTree = "<group>"; };
		23BD668620D32F51001027EB /* attributionsViewController.swift */ = {isa = PBXFileReference; lastKnownFileType = sourcecode.swift; path = attributionsViewController.swift; sourceTree = "<group>"; };
		23BD668920D3328D001027EB /* cardflip.wav */ = {isa = PBXFileReference; lastKnownFileType = audio.wav; path = cardflip.wav; sourceTree = "<group>"; };
/* End PBXFileReference section */

/* Begin PBXFrameworksBuildPhase section */
		2333F3EE20D1ED26002C6491 /* Frameworks */ = {
			isa = PBXFrameworksBuildPhase;
			buildActionMask = 2147483647;
			files = (
				23BD668320D30551001027EB /* GoogleMobileAds.framework in Frameworks */,
			);
			runOnlyForDeploymentPostprocessing = 0;
		};
/* End PBXFrameworksBuildPhase section */

/* Begin PBXGroup section */
		2333F3E820D1ED26002C6491 = {
			isa = PBXGroup;
			children = (
				23BD668820D3327E001027EB /* Music */,
				23BD668220D30551001027EB /* GoogleMobileAds.framework */,
				2333F3F320D1ED26002C6491 /* High Or Low */,
				2333F3F220D1ED26002C6491 /* Products */,
			);
			sourceTree = "<group>";
		};
		2333F3F220D1ED26002C6491 /* Products */ = {
			isa = PBXGroup;
			children = (
				2333F3F120D1ED26002C6491 /* High Or Low.app */,
			);
			name = Products;
			sourceTree = "<group>";
		};
		2333F3F320D1ED26002C6491 /* High Or Low */ = {
			isa = PBXGroup;
			children = (
				2333F3F420D1ED26002C6491 /* AppDelegate.swift */,
				2333F3F620D1ED26002C6491 /* ViewController.swift */,
				2333F3F820D1ED26002C6491 /* Main.storyboard */,
				238EC57220D61C28002013AA /* leaderboardViewController.swift */,
				238EC57020D60CE3002013AA /* losePopupViewController.swift */,
				23BD668620D32F51001027EB /* attributionsViewController.swift */,
				23BD668420D31645001027EB /* statsViewController.swift */,
				2333F3FB20D1ED2B002C6491 /* Assets.xcassets */,
				2333F3FD20D1ED2C002C6491 /* LaunchScreen.storyboard */,
				2333F40020D1ED2C002C6491 /* Info.plist */,
			);
			path = "High Or Low";
			sourceTree = "<group>";
		};
		23BD668820D3327E001027EB /* Music */ = {
			isa = PBXGroup;
			children = (
				23BD668920D3328D001027EB /* cardflip.wav */,
			);
			path = Music;
			sourceTree = "<group>";
		};
/* End PBXGroup section */

/* Begin PBXNativeTarget section */
		2333F3F020D1ED26002C6491 /* High Or Low */ = {
			isa = PBXNativeTarget;
			buildConfigurationList = 2333F40320D1ED2C002C6491 /* Build configuration list for PBXNativeTarget "High Or Low" */;
			buildPhases = (
				2333F3ED20D1ED26002C6491 /* Sources */,
				2333F3EE20D1ED26002C6491 /* Frameworks */,
				2333F3EF20D1ED26002C6491 /* Resources */,
			);
			buildRules = (
			);
			dependencies = (
			);
			name = "High Or Low";
			productName = "High Or Low";
			productReference = 2333F3F120D1ED26002C6491 /* High Or Low.app */;
			productType = "com.apple.product-type.application";
		};
/* End PBXNativeTarget section */

/* Begin PBXProject section */
		2333F3E920D1ED26002C6491 /* Project object */ = {
			isa = PBXProject;
			attributes = {
				LastSwiftUpdateCheck = 0930;
				LastUpgradeCheck = 0930;
				ORGANIZATIONNAME = "Plexi Development";
				TargetAttributes = {
					2333F3F020D1ED26002C6491 = {
						CreatedOnToolsVersion = 9.3;
					};
				};
			};
			buildConfigurationList = 2333F3EC20D1ED26002C6491 /* Build configuration list for PBXProject "High Or Low" */;
			compatibilityVersion = "Xcode 9.3";
			developmentRegion = en;
			hasScannedForEncodings = 0;
			knownRegions = (
				en,
				Base,
			);
			mainGroup = 2333F3E820D1ED26002C6491;
			productRefGroup = 2333F3F220D1ED26002C6491 /* Products */;
			projectDirPath = "";
			projectRoot = "";
			targets = (
				2333F3F020D1ED26002C6491 /* High Or Low */,
			);
		};
/* End PBXProject section */

/* Begin PBXResourcesBuildPhase section */
		2333F3EF20D1ED26002C6491 /* Resources */ = {
			isa = PBXResourcesBuildPhase;
			buildActionMask = 2147483647;
			files = (
				23BD668A20D3328D001027EB /* cardflip.wav in Resources */,
				2333F3FF20D1ED2C002C6491 /* LaunchScreen.storyboard in Resources */,
				2333F3FC20D1ED2B002C6491 /* Assets.xcassets in Resources */,
				2333F3FA20D1ED26002C6491 /* Main.storyboard in Resources */,
			);
			runOnlyForDeploymentPostprocessing = 0;
		};
/* End PBXResourcesBuildPhase section */

/* Begin PBXSourcesBuildPhase section */
		2333F3ED20D1ED26002C6491 /* Sources */ = {
			isa = PBXSourcesBuildPhase;
			buildActionMask = 2147483647;
			files = (
				23BD668720D32F51001027EB /* attributionsViewController.swift in Sources */,
				23BD668520D31645001027EB /* statsViewController.swift in Sources */,
				2333F3F720D1ED26002C6491 /* ViewController.swift in Sources */,
				2333F3F520D1ED26002C6491 /* AppDelegate.swift in Sources */,
				238EC57320D61C28002013AA /* leaderboardViewController.swift in Sources */,
				238EC57120D60CE3002013AA /* losePopupViewController.swift in Sources */,
			);
			runOnlyForDeploymentPostprocessing = 0;
		};
/* End PBXSourcesBuildPhase section */

/* Begin PBXVariantGroup section */
		2333F3F820D1ED26002C6491 /* Main.storyboard */ = {
			isa = PBXVariantGroup;
			children = (
				2333F3F920D1ED26002C6491 /* Base */,
			);
			name = Main.storyboard;
			sourceTree = "<group>";
		};
		2333F3FD20D1ED2C002C6491 /* LaunchScreen.storyboard */ = {
			isa = PBXVariantGroup;
			children = (
				2333F3FE20D1ED2C002C6491 /* Base */,
			);
			name = LaunchScreen.storyboard;
			sourceTree = "<group>";
		};
/* End PBXVariantGroup section */

/* Begin XCBuildConfiguration section */
		2333F40120D1ED2C002C6491 /* Debug */ = {
			isa = XCBuildConfiguration;
			buildSettings = {
				ALWAYS_SEARCH_USER_PATHS = NO;
				CLANG_ANALYZER_NONNULL = YES;
				CLANG_ANALYZER_NUMBER_OBJECT_CONVERSION = YES_AGGRESSIVE;
				CLANG_CXX_LANGUAGE_STANDARD = "gnu++14";
				CLANG_CXX_LIBRARY = "libc++";
				CLANG_ENABLE_MODULES = YES;
				CLANG_ENABLE_OBJC_ARC = YES;
				CLANG_ENABLE_OBJC_WEAK = YES;
				CLANG_WARN_BLOCK_CAPTURE_AUTORELEASING = YES;
				CLANG_WARN_BOOL_CONVERSION = YES;
				CLANG_WARN_COMMA = YES;
				CLANG_WARN_CONSTANT_CONVERSION = YES;
				CLANG_WARN_DEPRECATED_OBJC_IMPLEMENTATIONS = YES;
				CLANG_WARN_DIRECT_OBJC_ISA_USAGE = YES_ERROR;
				CLANG_WARN_DOCUMENTATION_COMMENTS = YES;
				CLANG_WARN_EMPTY_BODY = YES;
				CLANG_WARN_ENUM_CONVERSION = YES;
				CLANG_WARN_INFINITE_RECURSION = YES;
				CLANG_WARN_INT_CONVERSION = YES;
				CLANG_WARN_NON_LITERAL_NULL_CONVERSION = YES;
				CLANG_WARN_OBJC_IMPLICIT_RETAIN_SELF = YES;
				CLANG_WARN_OBJC_LITERAL_CONVERSION = YES;
				CLANG_WARN_OBJC_ROOT_CLASS = YES_ERROR;
				CLANG_WARN_RANGE_LOOP_ANALYSIS = YES;
				CLANG_WARN_STRICT_PROTOTYPES = YES;
				CLANG_WARN_SUSPICIOUS_MOVE = YES;
				CLANG_WARN_UNGUARDED_AVAILABILITY = YES_AGGRESSIVE;
				CLANG_WARN_UNREACHABLE_CODE = YES;
				CLANG_WARN__DUPLICATE_METHOD_MATCH = YES;
				CODE_SIGN_IDENTITY = "iPhone Developer";
				COPY_PHASE_STRIP = NO;
				DEBUG_INFORMATION_FORMAT = dwarf;
				ENABLE_STRICT_OBJC_MSGSEND = YES;
				ENABLE_TESTABILITY = YES;
				GCC_C_LANGUAGE_STANDARD = gnu11;
				GCC_DYNAMIC_NO_PIC = NO;
				GCC_NO_COMMON_BLOCKS = YES;
				GCC_OPTIMIZATION_LEVEL = 0;
				GCC_PREPROCESSOR_DEFINITIONS = (
					"DEBUG=1",
					"$(inherited)",
				);
				GCC_WARN_64_TO_32_BIT_CONVERSION = YES;
				GCC_WARN_ABOUT_RETURN_TYPE = YES_ERROR;
				GCC_WARN_UNDECLARED_SELECTOR = YES;
				GCC_WARN_UNINITIALIZED_AUTOS = YES_AGGRESSIVE;
				GCC_WARN_UNUSED_FUNCTION = YES;
				GCC_WARN_UNUSED_VARIABLE = YES;
				IPHONEOS_DEPLOYMENT_TARGET = 11.3;
				MTL_ENABLE_DEBUG_INFO = YES;
				ONLY_ACTIVE_ARCH = YES;
				SDKROOT = iphoneos;
				SWIFT_ACTIVE_COMPILATION_CONDITIONS = DEBUG;
				SWIFT_OPTIMIZATION_LEVEL = "-Onone";
			};
			name = Debug;
		};
		2333F40220D1ED2C002C6491 /* Release */ = {
			isa = XCBuildConfiguration;
			buildSettings = {
				ALWAYS_SEARCH_USER_PATHS = NO;
				CLANG_ANALYZER_NONNULL = YES;
				CLANG_ANALYZER_NUMBER_OBJECT_CONVERSION = YES_AGGRESSIVE;
				CLANG_CXX_LANGUAGE_STANDARD = "gnu++14";
				CLANG_CXX_LIBRARY = "libc++";
				CLANG_ENABLE_MODULES = YES;
				CLANG_ENABLE_OBJC_ARC = YES;
				CLANG_ENABLE_OBJC_WEAK = YES;
				CLANG_WARN_BLOCK_CAPTURE_AUTORELEASING = YES;
				CLANG_WARN_BOOL_CONVERSION = YES;
				CLANG_WARN_COMMA = YES;
				CLANG_WARN_CONSTANT_CONVERSION = YES;
				CLANG_WARN_DEPRECATED_OBJC_IMPLEMENTATIONS = YES;
				CLANG_WARN_DIRECT_OBJC_ISA_USAGE = YES_ERROR;
				CLANG_WARN_DOCUMENTATION_COMMENTS = YES;
				CLANG_WARN_EMPTY_BODY = YES;
				CLANG_WARN_ENUM_CONVERSION = YES;
				CLANG_WARN_INFINITE_RECURSION = YES;
				CLANG_WARN_INT_CONVERSION = YES;
				CLANG_WARN_NON_LITERAL_NULL_CONVERSION = YES;
				CLANG_WARN_OBJC_IMPLICIT_RETAIN_SELF = YES;
				CLANG_WARN_OBJC_LITERAL_CONVERSION = YES;
				CLANG_WARN_OBJC_ROOT_CLASS = YES_ERROR;
				CLANG_WARN_RANGE_LOOP_ANALYSIS = YES;
				CLANG_WARN_STRICT_PROTOTYPES = YES;
				CLANG_WARN_SUSPICIOUS_MOVE = YES;
				CLANG_WARN_UNGUARDED_AVAILABILITY = YES_AGGRESSIVE;
				CLANG_WARN_UNREACHABLE_CODE = YES;
				CLANG_WARN__DUPLICATE_METHOD_MATCH = YES;
				CODE_SIGN_IDENTITY = "iPhone Developer";
				COPY_PHASE_STRIP = NO;
				DEBUG_INFORMATION_FORMAT = "dwarf-with-dsym";
				ENABLE_NS_ASSERTIONS = NO;
				ENABLE_STRICT_OBJC_MSGSEND = YES;
				GCC_C_LANGUAGE_STANDARD = gnu11;
				GCC_NO_COMMON_BLOCKS = YES;
				GCC_WARN_64_TO_32_BIT_CONVERSION = YES;
				GCC_WARN_ABOUT_RETURN_TYPE = YES_ERROR;
				GCC_WARN_UNDECLARED_SELECTOR = YES;
				GCC_WARN_UNINITIALIZED_AUTOS = YES_AGGRESSIVE;
				GCC_WARN_UNUSED_FUNCTION = YES;
				GCC_WARN_UNUSED_VARIABLE = YES;
				IPHONEOS_DEPLOYMENT_TARGET = 11.3;
				MTL_ENABLE_DEBUG_INFO = NO;
				SDKROOT = iphoneos;
				SWIFT_COMPILATION_MODE = wholemodule;
				SWIFT_OPTIMIZATION_LEVEL = "-O";
				VALIDATE_PRODUCT = YES;
			};
			name = Release;
		};
		2333F40420D1ED2C002C6491 /* Debug */ = {
			isa = XCBuildConfiguration;
			buildSettings = {
				ASSETCATALOG_COMPILER_APPICON_NAME = AppIcon;
				CODE_SIGN_STYLE = Automatic;
				DEVELOPMENT_TEAM = 4RB9PTC424;
				FRAMEWORK_SEARCH_PATHS = (
					"$(inherited)",
					"$(PROJECT_DIR)",
				);
				INFOPLIST_FILE = "High Or Low/Info.plist";
				IPHONEOS_DEPLOYMENT_TARGET = 10.3;
				LD_RUNPATH_SEARCH_PATHS = (
					"$(inherited)",
					"@executable_path/Frameworks",
				);
				PRODUCT_BUNDLE_IDENTIFIER = "com.plexidev.High-Or-Low";
				PRODUCT_NAME = "$(TARGET_NAME)";
				SWIFT_VERSION = 4.0;
				TARGETED_DEVICE_FAMILY = "1,2";
			};
			name = Debug;
		};
		2333F40520D1ED2C002C6491 /* Release */ = {
			isa = XCBuildConfiguration;
			buildSettings = {
				ASSETCATALOG_COMPILER_APPICON_NAME = AppIcon;
				CODE_SIGN_STYLE = Automatic;
				DEVELOPMENT_TEAM = 4RB9PTC424;
				FRAMEWORK_SEARCH_PATHS = (
					"$(inherited)",
					"$(PROJECT_DIR)",
				);
				INFOPLIST_FILE = "High Or Low/Info.plist";
				IPHONEOS_DEPLOYMENT_TARGET = 10.3;
				LD_RUNPATH_SEARCH_PATHS = (
					"$(inherited)",
					"@executable_path/Frameworks",
				);
				PRODUCT_BUNDLE_IDENTIFIER = "com.plexidev.High-Or-Low";
				PRODUCT_NAME = "$(TARGET_NAME)";
				SWIFT_VERSION = 4.0;
				TARGETED_DEVICE_FAMILY = "1,2";
			};
			name = Release;
		};
/* End XCBuildConfiguration section */

/* Begin XCConfigurationList section */
		2333F3EC20D1ED26002C6491 /* Build configuration list for PBXProject "High Or Low" */ = {
			isa = XCConfigurationList;
			buildConfigurations = (
				2333F40120D1ED2C002C6491 /* Debug */,
				2333F40220D1ED2C002C6491 /* Release */,
			);
			defaultConfigurationIsVisible = 0;
			defaultConfigurationName = Release;
		};
		2333F40320D1ED2C002C6491 /* Build configuration list for PBXNativeTarget "High Or Low" */ = {
			isa = XCConfigurationList;
			buildConfigurations = (
				2333F40420D1ED2C002C6491 /* Debug */,
				2333F40520D1ED2C002C6491 /* Release */,
			);
			defaultConfigurationIsVisible = 0;
			defaultConfigurationName = Release;
		};
/* End XCConfigurationList section */
	};
	rootObject = 2333F3E920D1ED26002C6491 /* Project object */;
}
